
Microsoft Visual Studio Solution File, Format Version 12.00
# Visual Studio Version 16
VisualStudioVersion = 16.0.30114.105
MinimumVisualStudioVersion = 10.0.40219.1
Project("{2150E333-8FDC-42A3-9474-1A3956D46DE8}") = "vscode-ext", "vscode-ext", "{9DBEC6CC-2542-40F6-B08D-FFA58D12AD73}"
EndProject
Project("{F2A71F9B-5D33-465A-A702-920D77279786}") = "VsCodeExt", "vscode-ext\src\VsCodeExt.fsproj", "{C38F4768-0A4C-48F9-A62C-A56C0D74A54F}"
EndProject
Global
	GlobalSection(SolutionConfigurationPlatforms) = preSolution
		Debug|Any CPU = Debug|Any CPU
		Release|Any CPU = Release|Any CPU
	EndGlobalSection
	GlobalSection(SolutionProperties) = preSolution
		HideSolutionNode = FALSE
	EndGlobalSection
	GlobalSection(ProjectConfigurationPlatforms) = postSolution
		{C38F4768-0A4C-48F9-A62C-A56C0D74A54F}.Debug|Any CPU.ActiveCfg = Debug|Any CPU
		{C38F4768-0A4C-48F9-A62C-A56C0D74A54F}.Debug|Any CPU.Build.0 = Debug|Any CPU
		{C38F4768-0A4C-48F9-A62C-A56C0D74A54F}.Release|Any CPU.ActiveCfg = Release|Any CPU
		{C38F4768-0A4C-48F9-A62C-A56C0D74A54F}.Release|Any CPU.Build.0 = Release|Any CPU
	EndGlobalSection
	GlobalSection(NestedProjects) = preSolution
		{C38F4768-0A4C-48F9-A62C-A56C0D74A54F} = {9DBEC6CC-2542-40F6-B08D-FFA58D12AD73}
	EndGlobalSection
EndGlobal
