lockfileVersion: 5.3

specifiers:
  esbuild: 0.14.17
  vscode-languageclient: 7.0.0

dependencies:
  vscode-languageclient: 7.0.0

devDependencies:
  esbuild: 0.14.17

packages:

  /balanced-match/1.0.2:
    resolution: {integrity: sha512-3oSeUO0TMV67hN1AmbXsK4yaqU7tjiHlbxRDZOpH0KW9+CeX4bRAaX0Anxt0tx2MrpRpWwQaPwIlISEJhYU5Pw==}
    dev: false

  /brace-expansion/1.1.11:
    resolution: {integrity: sha512-iCuPHDFgrHX7H2vEI/5xpz07zSHB00TpugqhmYtVmMO6518mCuRMoOYFldEBl0g187ufozdaHgWKcYFb61qGiA==}
    dependencies:
      balanced-match: 1.0.2
      concat-map: 0.0.1
    dev: false

  /concat-map/0.0.1:
    resolution: {integrity: sha1-2Klr13/Wjfd5OnMDajug1UBdR3s=}
    dev: false

  /esbuild-android-arm64/0.14.17:
    resolution: {integrity: sha512-y7EJm8ADC9qKbo/dJ2zBXwNdIILJ76tTv7JDGvOkbLT8HJXIsgbpa0NJk7iFhyvP4GpsYvXTbvEQNn0DhyBhLA==}
    engines: {node: '>=12'}
    cpu: [arm64]
    os: [android]
    requiresBuild: true
    dev: true
    optional: true

  /esbuild-darwin-64/0.14.17:
    resolution: {integrity: sha512-V2JAP8yyVbW6qR4SVXsEDqRicYM0x5niUuB05IFiE5itPI45k8j2dA2l+DtirR2SGXr+LEqgX347+2VA6eyTiA==}
    engines: {node: '>=12'}
    cpu: [x64]
    os: [darwin]
    requiresBuild: true
    dev: true
    optional: true

  /esbuild-darwin-arm64/0.14.17:
    resolution: {integrity: sha512-ENkSKpjF4SImyA2TdHhKiZqtYc1DkMykICe1KSBw0YNF1sentjFI6wu+CRiYMpC7REf/3TQXoems2XPqIqDMlQ==}
    engines: {node: '>=12'}
    cpu: [arm64]
    os: [darwin]
    requiresBuild: true
    dev: true
    optional: true

  /esbuild-freebsd-64/0.14.17:
    resolution: {integrity: sha512-2i0nTNJM8ftNTvtR00vdqkru8XpHwAbkR2MBLoK2IDSzjsLStwCj+mxf6v83eVM9Abe3QA8xP+irqOdBlwDQ2g==}
    engines: {node: '>=12'}
    cpu: [x64]
    os: [freebsd]
    requiresBuild: true
    dev: true
    optional: true

  /esbuild-freebsd-arm64/0.14.17:
    resolution: {integrity: sha512-QOmRi1n+uly2G7BbMbHb86YiFA5aM7B2T96A6OF1VG57LNwXwy8LPVM0PVjl7f9cV3pE3fy3VtXPJHJo8XggTA==}
    engines: {node: '>=12'}
    cpu: [arm64]
    os: [freebsd]
    requiresBuild: true
    dev: true
    optional: true

  /esbuild-linux-32/0.14.17:
    resolution: {integrity: sha512-qG5NDk7FHHUVw01rjHESON0HvigF2X80b645TUlgTKsWRlrbzzHhMCmQguA01O5PiCimKnyoxti8aJIFNHpQnQ==}
    engines: {node: '>=12'}
    cpu: [ia32]
    os: [linux]
    requiresBuild: true
    dev: true
    optional: true

  /esbuild-linux-64/0.14.17:
    resolution: {integrity: sha512-De8OcmNvfNyFfQRLWbfuZqau6NpYBJxNTLP7Ls/PqQcw0HAwfaYThutY8ozHpPbKFPa7wgqabXlIC4NVSWT0/A==}
    engines: {node: '>=12'}
    cpu: [x64]
    os: [linux]
    requiresBuild: true
    dev: true
    optional: true

  /esbuild-linux-arm/0.14.17:
    resolution: {integrity: sha512-ZwsgFUk3gR2pEMJdh5z4Ds18fvGETgElPqmNdx1NtZTCOVlFMAwFB5u/tOR2FrXbMFv+LkGnNxPDh48PYPDz9A==}
    engines: {node: '>=12'}
    cpu: [arm]
    os: [linux]
    requiresBuild: true
    dev: true
    optional: true

  /esbuild-linux-arm64/0.14.17:
    resolution: {integrity: sha512-WDEOD/YRA4J1lxhETKZff3gRxGYqqZEiVwIOqNfvCh2YcwWU2y6UmNGZsxcuKk18wot4dAXCXQyNZgBkVUTCLw==}
    engines: {node: '>=12'}
    cpu: [arm64]
    os: [linux]
    requiresBuild: true
    dev: true
    optional: true

  /esbuild-linux-mips64le/0.14.17:
    resolution: {integrity: sha512-Lf4X9NB7r6imzp/11TaGs4kWL0DUn1JxI9gAAKotnKh6T8Y/0sLvZSvQS8WvSZcr0V8RRCrRZwiQqjOALUU/9g==}
    engines: {node: '>=12'}
    cpu: [mips64el]
    os: [linux]
    requiresBuild: true
    dev: true
    optional: true

  /esbuild-linux-ppc64le/0.14.17:
    resolution: {integrity: sha512-aExhxbrK7/Mh9FArdiC9MbvrQz2bGCDI8cBALKJbmhKg0h7LNt6y1E1S9GGBZ/ZXkHDvV9FFVrXXZKFVU5Qpiw==}
    engines: {node: '>=12'}
    cpu: [ppc64]
    os: [linux]
    requiresBuild: true
    dev: true
    optional: true

  /esbuild-linux-s390x/0.14.17:
    resolution: {integrity: sha512-b0T20rNcS7POi5YLw5dFlsiC+riobR5IfppQGn5NWer6QiIkdL1vOx9eC9CUD3z1itpkLboRAZYieZfKfhCA2Q==}
    engines: {node: '>=12'}
    cpu: [s390x]
    os: [linux]
    requiresBuild: true
    dev: true
    optional: true

  /esbuild-netbsd-64/0.14.17:
    resolution: {integrity: sha512-pFgTaAa2JF18nqNfCND9wOu1jbZ/mbDSaMxUp5fTkLlofyHhXeb5aChgXUkeipty2Pgq0OwOnxjHmiAxMI7N4g==}
    engines: {node: '>=12'}
    cpu: [x64]
    os: [netbsd]
    requiresBuild: true
    dev: true
    optional: true

  /esbuild-openbsd-64/0.14.17:
    resolution: {integrity: sha512-K5+plb6gsAfBcFqB0EG4KvLbgBKslVAfEyJggicwt/QoDwQGJAzao4M6zOA4PG7LlXOwWSqv7VmSFbH+b6DyKw==}
    engines: {node: '>=12'}
    cpu: [x64]
    os: [openbsd]
    requiresBuild: true
    dev: true
    optional: true

  /esbuild-sunos-64/0.14.17:
    resolution: {integrity: sha512-o1FINkbHRi9JB1YteOSXZdkDOmVUbmnCxRmTLkHvk8pfCFNpv/5/7ktt95teYKbEiJna2dEt3M4ckJ/+UVnW+w==}
    engines: {node: '>=12'}
    cpu: [x64]
    os: [sunos]
    requiresBuild: true
    dev: true
    optional: true

  /esbuild-windows-32/0.14.17:
    resolution: {integrity: sha512-Qutilz0I7OADWBtWrC/FD+2O/TNAkhwbZ+wIns7kF87lxIMtmqpBt3KnMk1e4F47aTrZRr0oH55Zhztd7m2PAA==}
    engines: {node: '>=12'}
    cpu: [ia32]
    os: [win32]
    requiresBuild: true
    dev: true
    optional: true

  /esbuild-windows-64/0.14.17:
    resolution: {integrity: sha512-b21/oRV+PHrav0HkRpKjbM2yNRVe34gAfbdMppbZFea416wa8SrjcmVfSd7n4jgqoTQG0xe+MGgOpwXtjiB3DQ==}
    engines: {node: '>=12'}
    cpu: [x64]
    os: [win32]
    requiresBuild: true
    dev: true
    optional: true

  /esbuild-windows-arm64/0.14.17:
    resolution: {integrity: sha512-4HN9E1idllewYvptcrrdfTA6DIWgg11kK0Zrv6yjxstJZLJeKxfilGBEaksLGs4Pst2rAYMx3H2vbYq7AWLQNA==}
    engines: {node: '>=12'}
    cpu: [arm64]
    os: [win32]
    requiresBuild: true
    dev: true
    optional: true

  /esbuild/0.14.17:
    resolution: {integrity: sha512-JLgyC6Uv31mv9T9Mm2xF1LntUMCNBSzvg2n32d8cTKZMwFr1wmMFY2FkVum98TSoEsDff0cR+Aj49H2sbBcjKQ==}
    engines: {node: '>=12'}
    hasBin: true
    requiresBuild: true
    optionalDependencies:
      esbuild-android-arm64: 0.14.17
      esbuild-darwin-64: 0.14.17
      esbuild-darwin-arm64: 0.14.17
      esbuild-freebsd-64: 0.14.17
      esbuild-freebsd-arm64: 0.14.17
      esbuild-linux-32: 0.14.17
      esbuild-linux-64: 0.14.17
      esbuild-linux-arm: 0.14.17
      esbuild-linux-arm64: 0.14.17
      esbuild-linux-mips64le: 0.14.17
      esbuild-linux-ppc64le: 0.14.17
      esbuild-linux-s390x: 0.14.17
      esbuild-netbsd-64: 0.14.17
      esbuild-openbsd-64: 0.14.17
      esbuild-sunos-64: 0.14.17
      esbuild-windows-32: 0.14.17
      esbuild-windows-64: 0.14.17
      esbuild-windows-arm64: 0.14.17
    dev: true

  /lru-cache/6.0.0:
    resolution: {integrity: sha512-Jo6dJ04CmSjuznwJSS3pUeWmd/H0ffTlkXXgwZi+eq1UCmqQwCh+eLsYOYCwY991i2Fah4h1BEMCx4qThGbsiA==}
    engines: {node: '>=10'}
    dependencies:
      yallist: 4.0.0
    dev: false

  /minimatch/3.0.4:
    resolution: {integrity: sha512-yJHVQEhyqPLUTgt9B83PXu6W3rx4MvvHvSUvToogpwoGDOUQ+yDrR0HRot+yOCdCO7u4hX3pWft6kWBBcqh0UA==}
    dependencies:
      brace-expansion: 1.1.11
    dev: false

  /semver/7.3.5:
    resolution: {integrity: sha512-PoeGJYh8HK4BTO/a9Tf6ZG3veo/A7ZVsYrSA6J8ny9nb3B1VrpkuN+z9OE5wfE5p6H4LchYZsegiQgbJD94ZFQ==}
    engines: {node: '>=10'}
    hasBin: true
    dependencies:
      lru-cache: 6.0.0
    dev: false

  /vscode-jsonrpc/6.0.0:
    resolution: {integrity: sha512-wnJA4BnEjOSyFMvjZdpiOwhSq9uDoK8e/kpRJDTaMYzwlkrhG1fwDIZI94CLsLzlCK5cIbMMtFlJlfR57Lavmg==}
    engines: {node: '>=8.0.0 || >=10.0.0'}
    dev: false

  /vscode-languageclient/7.0.0:
    resolution: {integrity: sha512-P9AXdAPlsCgslpP9pRxYPqkNYV7Xq8300/aZDpO35j1fJm/ncize8iGswzYlcvFw5DQUx4eVk+KvfXdL0rehNg==}
    engines: {vscode: ^1.52.0}
    dependencies:
      minimatch: 3.0.4
      semver: 7.3.5
      vscode-languageserver-protocol: 3.16.0
    dev: false

  /vscode-languageserver-protocol/3.16.0:
    resolution: {integrity: sha512-sdeUoAawceQdgIfTI+sdcwkiK2KU+2cbEYA0agzM2uqaUy2UpnnGHtWTHVEtS0ES4zHU0eMFRGN+oQgDxlD66A==}
    dependencies:
      vscode-jsonrpc: 6.0.0
      vscode-languageserver-types: 3.16.0
    dev: false

  /vscode-languageserver-types/3.16.0:
    resolution: {integrity: sha512-k8luDIWJWyenLc5ToFQQMaSrqCHiLwyKPHKPQZ5zz21vM+vIVUSvsRpcbiECH4WR88K2XZqc4ScRcZ7nk/jbeA==}
    dev: false

  /yallist/4.0.0:
    resolution: {integrity: sha512-3wdGidZyq5PB084XLES5TpOSRA3wjXAlIWMhum2kRcv/41Sn2emQ0dycQW4uZXLejwKvg6EsvbdlVL+FYEct7A==}
    dev: false
